<?xml version="1.0" encoding="utf-8"?>
<Project ToolsVersion="4.0" xmlns="http://schemas.microsoft.com/developer/msbuild/2003">
  <ItemGroup>
    <Filter Include="Source Files">
      <UniqueIdentifier>{4FC737F1-C7A5-4376-A066-2A32D752A2FF}</UniqueIdentifier>
      <Extensions>cpp;c;cc;cxx;c++;cppm;ixx;def;odl;idl;hpj;bat;asm;asmx</Extensions>
    </Filter>
    <Filter Include="Header Files">
      <UniqueIdentifier>{93995380-89BD-4b04-88EB-625FBE52EBFB}</UniqueIdentifier>
      <Extensions>h;hh;hpp;hxx;h++;hm;inl;inc;ipp;xsd</Extensions>
    </Filter>
    <Filter Include="Resource Files">
      <UniqueIdentifier>{67DA6AB6-F800-4c08-8B7A-83BB121AAD01}</UniqueIdentifier>
      <Extensions>rc;ico;cur;bmp;dlg;rc2;rct;bin;rgs;gif;jpg;jpeg;jpe;resx;tiff;tif;png;wav;mfcribbon-ms</Extensions>
    </Filter>
    <Filter Include="Engine">
      <UniqueIdentifier>{4512d77c-6907-4ab6-acc0-95c71319f459}</UniqueIdentifier>
    </Filter>
    <Filter Include="Engine\include">
      <UniqueIdentifier>{46531f85-0b47-4763-9c4a-b595d5dab829}</UniqueIdentifier>
    </Filter>
    <Filter Include="Engine\cpp">
      <UniqueIdentifier>{749f2b36-dfb7-4620-be33-c647b7529db7}</UniqueIdentifier>
    </Filter>
    <Filter Include="Engine\include\handler">
      <UniqueIdentifier>{cbbe3374-fe36-461b-b1dc-ac32d58849af}</UniqueIdentifier>
    </Filter>
    <Filter Include="Engine\include\utils">
      <UniqueIdentifier>{0a3a0cb3-7099-4fc0-810a-e2806ba4c8b4}</UniqueIdentifier>
    </Filter>
    <Filter Include="Engine\include\base">
      <UniqueIdentifier>{de53d83d-8673-40c6-ae51-2d8be99b456a}</UniqueIdentifier>
    </Filter>
    <Filter Include="Engine\include\handler\sprites">
      <UniqueIdentifier>{7c8e5d73-3bd9-438f-96f6-e99cc7b83abe}</UniqueIdentifier>
    </Filter>
    <Filter Include="Engine\include\handler\objects">
      <UniqueIdentifier>{946f0a8a-5428-44c2-ba61-436eb5a3b88f}</UniqueIdentifier>
    </Filter>
    <Filter Include="Engine\include\handler\events">
      <UniqueIdentifier>{35c68d29-972e-4bf2-891f-035e4c4e884d}</UniqueIdentifier>
    </Filter>
    <Filter Include="Engine\cpp\handler">
      <UniqueIdentifier>{2951354f-f3e3-408f-a384-fcb259e091b8}</UniqueIdentifier>
    </Filter>
    <Filter Include="Engine\cpp\base">
      <UniqueIdentifier>{3d85365b-c581-439d-9681-4cc67e4adf09}</UniqueIdentifier>
    </Filter>
    <Filter Include="Engine\cpp\utils">
      <UniqueIdentifier>{55f35829-666d-4713-aaef-3d684b961d99}</UniqueIdentifier>
    </Filter>
    <Filter Include="Engine\cpp\handler\events">
      <UniqueIdentifier>{56e0920d-ed6b-4cea-b5cf-7e85ea297fa2}</UniqueIdentifier>
    </Filter>
    <Filter Include="Engine\cpp\handler\objects">
      <UniqueIdentifier>{4ad1e221-77f7-4e91-b318-8288c69041bb}</UniqueIdentifier>
    </Filter>
    <Filter Include="Engine\cpp\handler\sprites">
      <UniqueIdentifier>{956e292d-0714-401b-a316-50ce4b6ce615}</UniqueIdentifier>
    </Filter>
  </ItemGroup>
  <ItemGroup>
    <ClCompile Include="Main.cpp">
      <Filter>Source Files</Filter>
    </ClCompile>
    <ClCompile Include="Engine\cpp\handlers\events\ConditionalEvent.cpp">
      <Filter>Engine\cpp\handler\events</Filter>
    </ClCompile>
    <ClCompile Include="Engine\cpp\handlers\events\Event.cpp">
      <Filter>Engine\cpp\handler\events</Filter>
    </ClCompile>
    <ClCompile Include="Engine\cpp\handlers\events\InstantEvent.cpp">
      <Filter>Engine\cpp\handler\events</Filter>
    </ClCompile>
    <ClCompile Include="Engine\cpp\handlers\events\ParallelDeadline.cpp">
      <Filter>Engine\cpp\handler\events</Filter>
    </ClCompile>
    <ClCompile Include="Engine\cpp\handlers\events\ParallelEvent.cpp">
      <Filter>Engine\cpp\handler\events</Filter>
    </ClCompile>
    <ClCompile Include="Engine\cpp\handlers\events\ParallelRace.cpp">
      <Filter>Engine\cpp\handler\events</Filter>
    </ClCompile>
    <ClCompile Include="Engine\cpp\handlers\events\RepeatEvent.cpp">
      <Filter>Engine\cpp\handler\events</Filter>
    </ClCompile>
    <ClCompile Include="Engine\cpp\handlers\events\RunEvent.cpp">
      <Filter>Engine\cpp\handler\events</Filter>
    </ClCompile>
    <ClCompile Include="Engine\cpp\handlers\events\SequentialEvent.cpp">
      <Filter>Engine\cpp\handler\events</Filter>
    </ClCompile>
    <ClCompile Include="Engine\cpp\handlers\events\WaitUntil.cpp">
      <Filter>Engine\cpp\handler\events</Filter>
    </ClCompile>
    <ClCompile Include="Engine\cpp\handlers\sprites\Sprite.cpp">
      <Filter>Engine\cpp\handler\sprites</Filter>
    </ClCompile>
    <ClCompile Include="Engine\cpp\handlers\EventHandler.cpp">
      <Filter>Engine\cpp\handler</Filter>
    </ClCompile>
    <ClCompile Include="Engine\cpp\handlers\ObjectHandler.cpp">
      <Filter>Engine\cpp\handler</Filter>
    </ClCompile>
    <ClCompile Include="Engine\cpp\handlers\SpriteHandler.cpp">
      <Filter>Engine\cpp\handler</Filter>
    </ClCompile>
    <ClCompile Include="Engine\cpp\base\EngineBase.cpp">
      <Filter>Engine\cpp\base</Filter>
    </ClCompile>
    <ClCompile Include="Engine\cpp\base\Input.cpp">
      <Filter>Engine\cpp\base</Filter>
    </ClCompile>
    <ClCompile Include="Engine\cpp\base\Win32Render.cpp">
      <Filter>Engine\cpp\base</Filter>
    </ClCompile>
    <ClCompile Include="Engine\cpp\base\Win32Window.cpp">
      <Filter>Engine\cpp\base</Filter>
    </ClCompile>
    <ClCompile Include="Engine\cpp\utils\Camera.cpp">
      <Filter>Engine\cpp\utils</Filter>
    </ClCompile>
    <ClCompile Include="Engine\cpp\utils\CropInfo.cpp">
      <Filter>Engine\cpp\utils</Filter>
    </ClCompile>
    <ClCompile Include="Engine\cpp\utils\Image.cpp">
      <Filter>Engine\cpp\utils</Filter>
    </ClCompile>
    <ClCompile Include="Engine\cpp\utils\Math.cpp">
      <Filter>Engine\cpp\utils</Filter>
    </ClCompile>
    <ClCompile Include="Engine\cpp\utils\RGBA.cpp">
      <Filter>Engine\cpp\utils</Filter>
    </ClCompile>
    <ClCompile Include="Engine\cpp\utils\Shader.cpp">
      <Filter>Engine\cpp\utils</Filter>
    </ClCompile>
    <ClCompile Include="Engine\cpp\utils\STBI_image.cpp">
      <Filter>Engine\cpp\utils</Filter>
    </ClCompile>
    <ClCompile Include="GameExample.cpp">
      <Filter>Source Files</Filter>
    </ClCompile>
    <ClCompile Include="Engine\cpp\base\controls\Trigger.cpp">
      <Filter>Source Files</Filter>
    </ClCompile>
    <ClCompile Include="Engine\cpp\base\controls\Controls.cpp">
      <Filter>Source Files</Filter>
    </ClCompile>
    <ClCompile Include="Engine\cpp\handlers\objects\Object.cpp">
      <Filter>Source Files</Filter>
    </ClCompile>
    <ClCompile Include="Engine\cpp\handlers\objects\Object.cpp">
      <Filter>Source Files</Filter>
    </ClCompile>
    <ClCompile Include="GameExample\MoveBackground.cpp">
      <Filter>Source Files</Filter>
    </ClCompile>
    <ClCompile Include="GameExample\LogoIntro.cpp">
      <Filter>Source Files</Filter>
    </ClCompile>
    <ClCompile Include="GameExample\GameLobby.cpp">
      <Filter>Source Files</Filter>
    </ClCompile>
    <ClCompile Include="Engine\cpp\utils\Timer.cpp">
      <Filter>Source Files</Filter>
    </ClCompile>
    <ClCompile Include="Engine\cpp\handlers\objects\ScreenButton.cpp">
      <Filter>Source Files</Filter>
    </ClCompile>
    <ClCompile Include="GameExample\MyButton.cpp">
      <Filter>Source Files</Filter>
    </ClCompile>
    <ClCompile Include="GameExample\MoveObject.cpp">
      <Filter>Source Files</Filter>
    </ClCompile>
  </ItemGroup>
  <ItemGroup>
    <ClInclude Include="Engine\include\handlers\events\ConditionalEvent.h">
      <Filter>Engine\include\handler\events</Filter>
    </ClInclude>
    <ClInclude Include="Engine\include\handlers\events\Event.h">
      <Filter>Engine\include\handler\events</Filter>
    </ClInclude>
    <ClInclude Include="Engine\include\handlers\events\EventHeader.h">
      <Filter>Engine\include\handler\events</Filter>
    </ClInclude>
    <ClInclude Include="Engine\include\handlers\events\InstantEvent.h">
      <Filter>Engine\include\handler\events</Filter>
    </ClInclude>
    <ClInclude Include="Engine\include\handlers\events\ParallelDeadline.h">
      <Filter>Engine\include\handler\events</Filter>
    </ClInclude>
    <ClInclude Include="Engine\include\handlers\events\ParallelEvent.h">
      <Filter>Engine\include\handler\events</Filter>
    </ClInclude>
    <ClInclude Include="Engine\include\handlers\events\ParallelRace.h">
      <Filter>Engine\include\handler\events</Filter>
    </ClInclude>
    <ClInclude Include="Engine\include\handlers\events\RepeatEvent.h">
      <Filter>Engine\include\handler\events</Filter>
    </ClInclude>
    <ClInclude Include="Engine\include\handlers\events\RunEvent.h">
      <Filter>Engine\include\handler\events</Filter>
    </ClInclude>
    <ClInclude Include="Engine\include\handlers\events\SequentialEvent.h">
      <Filter>Engine\include\handler\events</Filter>
    </ClInclude>
    <ClInclude Include="Engine\include\handlers\events\WaitUntil.h">
      <Filter>Engine\include\handler\events</Filter>
    </ClInclude>
    <ClInclude Include="Engine\include\handlers\sprites\Sprites.h">
      <Filter>Engine\include\handler\sprites</Filter>
    </ClInclude>
    <ClInclude Include="Engine\include\handlers\EventHandler.h">
      <Filter>Engine\include\handler</Filter>
    </ClInclude>
    <ClInclude Include="Engine\include\handlers\ObjectHandler.h">
      <Filter>Engine\include\handler</Filter>
    </ClInclude>
    <ClInclude Include="Engine\include\handlers\SpriteHandler.h">
      <Filter>Engine\include\handler</Filter>
    </ClInclude>
    <ClInclude Include="Engine\include\base\EngineBase.h">
      <Filter>Engine\include\base</Filter>
    </ClInclude>
    <ClInclude Include="Engine\include\base\Input.h">
      <Filter>Engine\include\base</Filter>
    </ClInclude>
    <ClInclude Include="Engine\include\base\Win32Render.h">
      <Filter>Engine\include\base</Filter>
    </ClInclude>
    <ClInclude Include="Engine\include\base\Win32Window.h">
      <Filter>Engine\include\base</Filter>
    </ClInclude>
    <ClInclude Include="Engine\include\utils\Camera.h">
      <Filter>Engine\include\utils</Filter>
    </ClInclude>
    <ClInclude Include="Engine\include\utils\CropInfo.h">
      <Filter>Engine\include\utils</Filter>
    </ClInclude>
    <ClInclude Include="Engine\include\utils\Image.h">
      <Filter>Engine\include\utils</Filter>
    </ClInclude>
    <ClInclude Include="Engine\include\utils\Math.h">
      <Filter>Engine\include\utils</Filter>
    </ClInclude>
    <ClInclude Include="Engine\include\utils\RGBA.h">
      <Filter>Engine\include\utils</Filter>
    </ClInclude>
    <ClInclude Include="Engine\include\utils\Shader.h">
      <Filter>Engine\include\utils</Filter>
    </ClInclude>
    <ClInclude Include="Engine\include\TaffyEngine.h">
      <Filter>Engine\include</Filter>
    </ClInclude>
    <ClInclude Include="Engine\include\utils\Utils.h">
      <Filter>Header Files</Filter>
    </ClInclude>
    <ClInclude Include="Engine\include\base\controls\Trigger.h">
      <Filter>Header Files</Filter>
    </ClInclude>
    <ClInclude Include="Engine\include\base\controls\Controls.h">
      <Filter>Header Files</Filter>
    </ClInclude>
    <ClInclude Include="Engine\include\handlers\objects\Object.h">
      <Filter>Engine\include\handler\objects</Filter>
    </ClInclude>
    <ClInclude Include="Engine\include\utils\Timer.h">
      <Filter>Header Files</Filter>
    </ClInclude>
    <ClInclude Include="Engine\include\handlers\objects\ScreenButton.h">
      <Filter>Header Files</Filter>
    </ClInclude>
  </ItemGroup>
  <ItemGroup>
    <Text Include="Engine\TODO.txt">
      <Filter>Engine</Filter>
    </Text>
  </ItemGroup>
</Project>