<?xml version="1.0" encoding="utf-8"?>
<Project ToolsVersion="4.0" xmlns="http://schemas.microsoft.com/developer/msbuild/2003">
  <ItemGroup>
    <Filter Include="Source Files">
      <UniqueIdentifier>{4FC737F1-C7A5-4376-A066-2A32D752A2FF}</UniqueIdentifier>
      <Extensions>cpp;c;cc;cxx;c++;cppm;ixx;def;odl;idl;hpj;bat;asm;asmx</Extensions>
    </Filter>
    <Filter Include="Header Files">
      <UniqueIdentifier>{93995380-89BD-4b04-88EB-625FBE52EBFB}</UniqueIdentifier>
      <Extensions>h;hh;hpp;hxx;h++;hm;inl;inc;ipp;xsd</Extensions>
    </Filter>
    <Filter Include="Source Files\utils">
      <UniqueIdentifier>{c577eeb2-a66a-4801-820f-377c01999c9c}</UniqueIdentifier>
    </Filter>
    <Filter Include="Source Files\objects">
      <UniqueIdentifier>{37463432-b7b8-4e4f-8ac2-0604646f8aac}</UniqueIdentifier>
    </Filter>
    <Filter Include="Source Files\game related">
      <UniqueIdentifier>{6dfa2ca9-b6a4-4eb8-b721-09af6302fa70}</UniqueIdentifier>
    </Filter>
    <Filter Include="Source Files\game related\Game Events">
      <UniqueIdentifier>{3be063fe-23a7-40e5-95e6-15f479816b08}</UniqueIdentifier>
    </Filter>
    <Filter Include="Resource Files">
      <UniqueIdentifier>{edff532c-34ed-4a94-8321-679799c2732e}</UniqueIdentifier>
    </Filter>
    <Filter Include="Source Files\events">
      <UniqueIdentifier>{b7171172-2621-4c39-8a82-4ef6d5f1c41d}</UniqueIdentifier>
    </Filter>
  </ItemGroup>
  <ItemGroup>
    <ClCompile Include="win32platform.cpp">
      <Filter>Source Files</Filter>
    </ClCompile>
    <ClCompile Include="platformcommon.cpp">
      <Filter>Source Files</Filter>
    </ClCompile>
    <ClCompile Include="RGBUtils.cpp">
      <Filter>Source Files\utils</Filter>
    </ClCompile>
    <ClCompile Include="MathUtils.cpp">
      <Filter>Source Files\utils</Filter>
    </ClCompile>
    <ClCompile Include="MyUtils.cpp">
      <Filter>Source Files\utils</Filter>
    </ClCompile>
    <ClCompile Include="ImageUtils.cpp">
      <Filter>Source Files\utils</Filter>
    </ClCompile>
    <ClCompile Include="STBI_ImageUtils.cpp">
      <Filter>Source Files\utils</Filter>
    </ClCompile>
    <ClCompile Include="renderer.cpp">
      <Filter>Source Files</Filter>
    </ClCompile>
    <ClCompile Include="objects.cpp">
      <Filter>Source Files\objects</Filter>
    </ClCompile>
    <ClCompile Include="uibuttons.cpp">
      <Filter>Source Files\objects</Filter>
    </ClCompile>
    <ClCompile Include="maps.cpp">
      <Filter>Source Files\objects</Filter>
    </ClCompile>
    <ClCompile Include="uiobjects.cpp">
      <Filter>Source Files\objects</Filter>
    </ClCompile>
    <ClCompile Include="player.cpp">
      <Filter>Source Files\game related</Filter>
    </ClCompile>
    <ClCompile Include="gridobject.cpp">
      <Filter>Source Files\game related</Filter>
    </ClCompile>
    <ClCompile Include="enemy.cpp">
      <Filter>Source Files\game related</Filter>
    </ClCompile>
    <ClCompile Include="game.cpp">
      <Filter>Source Files\game related\Game Events</Filter>
    </ClCompile>
    <ClCompile Include="gameevents.cpp">
      <Filter>Source Files\game related\Game Events</Filter>
    </ClCompile>
    <ClCompile Include="gridv2.cpp">
      <Filter>Source Files\game related</Filter>
    </ClCompile>
    <ClCompile Include="playerUI.cpp">
      <Filter>Source Files\game related</Filter>
    </ClCompile>
    <ClCompile Include="events.cpp">
      <Filter>Source Files\events</Filter>
    </ClCompile>
    <ClCompile Include="basicEvents.cpp">
      <Filter>Source Files\events</Filter>
    </ClCompile>
    <ClCompile Include="text.cpp">
      <Filter>Source Files\objects</Filter>
    </ClCompile>
    <ClCompile Include="intro.cpp">
      <Filter>Source Files\game related\Game Events</Filter>
    </ClCompile>
    <ClCompile Include="levels.cpp">
      <Filter>Source Files\game related\Game Events</Filter>
    </ClCompile>
    <ClCompile Include="camera.cpp">
      <Filter>Source Files\objects</Filter>
    </ClCompile>
    <ClCompile Include="commands.cpp">
      <Filter>Source Files\game related</Filter>
    </ClCompile>
  </ItemGroup>
  <ItemGroup>
    <ClInclude Include="resource.h">
      <Filter>Header Files</Filter>
    </ClInclude>
  </ItemGroup>
  <ItemGroup>
    <ResourceCompile Include="TaffyEngine1.rc" />
  </ItemGroup>
  <ItemGroup>
    <Image Include="..\..\..\..\Downloads\Title2.ico" />
  </ItemGroup>
</Project>